// !$*UTF8*$!
{
	archiveVersion = 1;
	classes = {
	};
	objectVersion = 55;
	objects = {

/* Begin PBXBuildFile section */
		2400EB552745BFBB0082689E /* AppDelegate.swift in Sources */ = {isa = PBXBuildFile; fileRef = 2400EB542745BFBB0082689E /* AppDelegate.swift */; };
		2400EB572745BFBB0082689E /* SceneDelegate.swift in Sources */ = {isa = PBXBuildFile; fileRef = 2400EB562745BFBB0082689E /* SceneDelegate.swift */; };
		2400EB592745BFBB0082689E /* ViewController.swift in Sources */ = {isa = PBXBuildFile; fileRef = 2400EB582745BFBB0082689E /* ViewController.swift */; };
		2400EB5C2745BFBB0082689E /* Main.storyboard in Resources */ = {isa = PBXBuildFile; fileRef = 2400EB5A2745BFBB0082689E /* Main.storyboard */; };
		2400EB5E2745BFBB0082689E /* Assets.xcassets in Resources */ = {isa = PBXBuildFile; fileRef = 2400EB5D2745BFBB0082689E /* Assets.xcassets */; };
		2400EB612745BFBB0082689E /* LaunchScreen.storyboard in Resources */ = {isa = PBXBuildFile; fileRef = 2400EB5F2745BFBB0082689E /* LaunchScreen.storyboard */; };
		243F9B69275200EE0093B086 /* RatingCell.swift in Sources */ = {isa = PBXBuildFile; fileRef = 243F9B68275200EE0093B086 /* RatingCell.swift */; };
		243F9B6B275201120093B086 /* RatingViewController.swift in Sources */ = {isa = PBXBuildFile; fileRef = 243F9B6A275201120093B086 /* RatingViewController.swift */; };
		24D1BB452745C8F70095AD88 /* LoginViewController.swift in Sources */ = {isa = PBXBuildFile; fileRef = 24D1BB442745C8F70095AD88 /* LoginViewController.swift */; };
		24D1BB492745C97E0095AD88 /* DepartmentListViewController.swift in Sources */ = {isa = PBXBuildFile; fileRef = 24D1BB482745C97E0095AD88 /* DepartmentListViewController.swift */; };
		24D1BB4B2745C9D90095AD88 /* ProfessorListViewController.swift in Sources */ = {isa = PBXBuildFile; fileRef = 24D1BB4A2745C9D90095AD88 /* ProfessorListViewController.swift */; };
		24D1BB4D2745F4D20095AD88 /* ProfessorViewController.swift in Sources */ = {isa = PBXBuildFile; fileRef = 24D1BB4C2745F4D20095AD88 /* ProfessorViewController.swift */; };
		24D1BB4F2745FB8F0095AD88 /* DepartmentCell.swift in Sources */ = {isa = PBXBuildFile; fileRef = 24D1BB4E2745FB8F0095AD88 /* DepartmentCell.swift */; };
		24D1BB512745FBCD0095AD88 /* ProfessorCell.swift in Sources */ = {isa = PBXBuildFile; fileRef = 24D1BB502745FBCD0095AD88 /* ProfessorCell.swift */; };
		F10D75678F1BE70B0F0E411F /* Pods_RMPucsb.framework in Frameworks */ = {isa = PBXBuildFile; fileRef = 71D3BB9FF14F7B82D12AD88C /* Pods_RMPucsb.framework */; };
/* End PBXBuildFile section */

/* Begin PBXFileReference section */
		0EE408D1139811605B02289C /* Pods-RMPucsb.release.xcconfig */ = {isa = PBXFileReference; includeInIndex = 1; lastKnownFileType = text.xcconfig; name = "Pods-RMPucsb.release.xcconfig"; path = "Target Support Files/Pods-RMPucsb/Pods-RMPucsb.release.xcconfig"; sourceTree = "<group>"; };
		1E2BCB8587B899E09D91019B /* Pods-RMPucsb.debug.xcconfig */ = {isa = PBXFileReference; includeInIndex = 1; lastKnownFileType = text.xcconfig; name = "Pods-RMPucsb.debug.xcconfig"; path = "Target Support Files/Pods-RMPucsb/Pods-RMPucsb.debug.xcconfig"; sourceTree = "<group>"; };
		2400EB512745BFBB0082689E /* RMPucsb.app */ = {isa = PBXFileReference; explicitFileType = wrapper.application; includeInIndex = 0; path = RMPucsb.app; sourceTree = BUILT_PRODUCTS_DIR; };
		2400EB542745BFBB0082689E /* AppDelegate.swift */ = {isa = PBXFileReference; lastKnownFileType = sourcecode.swift; path = AppDelegate.swift; sourceTree = "<group>"; };
		2400EB562745BFBB0082689E /* SceneDelegate.swift */ = {isa = PBXFileReference; lastKnownFileType = sourcecode.swift; path = SceneDelegate.swift; sourceTree = "<group>"; };
		2400EB582745BFBB0082689E /* ViewController.swift */ = {isa = PBXFileReference; lastKnownFileType = sourcecode.swift; path = ViewController.swift; sourceTree = "<group>"; };
		2400EB5B2745BFBB0082689E /* Base */ = {isa = PBXFileReference; lastKnownFileType = file.storyboard; name = Base; path = Base.lproj/Main.storyboard; sourceTree = "<group>"; };
		2400EB5D2745BFBB0082689E /* Assets.xcassets */ = {isa = PBXFileReference; lastKnownFileType = folder.assetcatalog; path = Assets.xcassets; sourceTree = "<group>"; };
		2400EB602745BFBB0082689E /* Base */ = {isa = PBXFileReference; lastKnownFileType = file.storyboard; name = Base; path = Base.lproj/LaunchScreen.storyboard; sourceTree = "<group>"; };
		2400EB622745BFBB0082689E /* Info.plist */ = {isa = PBXFileReference; lastKnownFileType = text.plist.xml; path = Info.plist; sourceTree = "<group>"; };
		243F9B68275200EE0093B086 /* RatingCell.swift */ = {isa = PBXFileReference; lastKnownFileType = sourcecode.swift; path = RatingCell.swift; sourceTree = "<group>"; };
		243F9B6A275201120093B086 /* RatingViewController.swift */ = {isa = PBXFileReference; lastKnownFileType = sourcecode.swift; path = RatingViewController.swift; sourceTree = "<group>"; };
		24D1BB442745C8F70095AD88 /* LoginViewController.swift */ = {isa = PBXFileReference; lastKnownFileType = sourcecode.swift; path = LoginViewController.swift; sourceTree = "<group>"; };
		24D1BB482745C97E0095AD88 /* DepartmentListViewController.swift */ = {isa = PBXFileReference; lastKnownFileType = sourcecode.swift; path = DepartmentListViewController.swift; sourceTree = "<group>"; };
		24D1BB4A2745C9D90095AD88 /* ProfessorListViewController.swift */ = {isa = PBXFileReference; lastKnownFileType = sourcecode.swift; path = ProfessorListViewController.swift; sourceTree = "<group>"; };
		24D1BB4C2745F4D20095AD88 /* ProfessorViewController.swift */ = {isa = PBXFileReference; lastKnownFileType = sourcecode.swift; path = ProfessorViewController.swift; sourceTree = "<group>"; };
		24D1BB4E2745FB8F0095AD88 /* DepartmentCell.swift */ = {isa = PBXFileReference; lastKnownFileType = sourcecode.swift; path = DepartmentCell.swift; sourceTree = "<group>"; };
		24D1BB502745FBCD0095AD88 /* ProfessorCell.swift */ = {isa = PBXFileReference; lastKnownFileType = sourcecode.swift; path = ProfessorCell.swift; sourceTree = "<group>"; };
		71D3BB9FF14F7B82D12AD88C /* Pods_RMPucsb.framework */ = {isa = PBXFileReference; explicitFileType = wrapper.framework; includeInIndex = 0; path = Pods_RMPucsb.framework; sourceTree = BUILT_PRODUCTS_DIR; };
/* End PBXFileReference section */

/* Begin PBXFrameworksBuildPhase section */
		2400EB4E2745BFBB0082689E /* Frameworks */ = {
			isa = PBXFrameworksBuildPhase;
			buildActionMask = 2147483647;
			files = (
				F10D75678F1BE70B0F0E411F /* Pods_RMPucsb.framework in Frameworks */,
			);
			runOnlyForDeploymentPostprocessing = 0;
		};
/* End PBXFrameworksBuildPhase section */

/* Begin PBXGroup section */
		0051DFA3371912475AA45F03 /* Frameworks */ = {
			isa = PBXGroup;
			children = (
				71D3BB9FF14F7B82D12AD88C /* Pods_RMPucsb.framework */,
			);
			name = Frameworks;
			sourceTree = "<group>";
		};
		2400EB482745BFBB0082689E = {
			isa = PBXGroup;
			children = (
				2400EB532745BFBB0082689E /* RMPucsb */,
				2400EB522745BFBB0082689E /* Products */,
				76378F7FF6A42F438461F344 /* Pods */,
				0051DFA3371912475AA45F03 /* Frameworks */,
			);
			sourceTree = "<group>";
		};
		2400EB522745BFBB0082689E /* Products */ = {
			isa = PBXGroup;
			children = (
				2400EB512745BFBB0082689E /* RMPucsb.app */,
			);
			name = Products;
			sourceTree = "<group>";
		};
		2400EB532745BFBB0082689E /* RMPucsb */ = {
			isa = PBXGroup;
			children = (
				2400EB542745BFBB0082689E /* AppDelegate.swift */,
				2400EB562745BFBB0082689E /* SceneDelegate.swift */,
				2400EB582745BFBB0082689E /* ViewController.swift */,
				2400EB5A2745BFBB0082689E /* Main.storyboard */,
				24D1BB502745FBCD0095AD88 /* ProfessorCell.swift */,
				2400EB5D2745BFBB0082689E /* Assets.xcassets */,
				2400EB5F2745BFBB0082689E /* LaunchScreen.storyboard */,
				2400EB622745BFBB0082689E /* Info.plist */,
				24D1BB442745C8F70095AD88 /* LoginViewController.swift */,
				24D1BB482745C97E0095AD88 /* DepartmentListViewController.swift */,
				24D1BB4A2745C9D90095AD88 /* ProfessorListViewController.swift */,
				24D1BB4C2745F4D20095AD88 /* ProfessorViewController.swift */,
				24D1BB4E2745FB8F0095AD88 /* DepartmentCell.swift */,
				243F9B68275200EE0093B086 /* RatingCell.swift */,
				243F9B6A275201120093B086 /* RatingViewController.swift */,
			);
			path = RMPucsb;
			sourceTree = "<group>";
		};
		76378F7FF6A42F438461F344 /* Pods */ = {
			isa = PBXGroup;
			children = (
				1E2BCB8587B899E09D91019B /* Pods-RMPucsb.debug.xcconfig */,
				0EE408D1139811605B02289C /* Pods-RMPucsb.release.xcconfig */,
			);
			path = Pods;
			sourceTree = "<group>";
		};
/* End PBXGroup section */

/* Begin PBXNativeTarget section */
		2400EB502745BFBB0082689E /* RMPucsb */ = {
			isa = PBXNativeTarget;
			buildConfigurationList = 2400EB652745BFBB0082689E /* Build configuration list for PBXNativeTarget "RMPucsb" */;
			buildPhases = (
				3100D72B3866CE25526F4A4E /* [CP] Check Pods Manifest.lock */,
				2400EB4D2745BFBB0082689E /* Sources */,
				2400EB4E2745BFBB0082689E /* Frameworks */,
				2400EB4F2745BFBB0082689E /* Resources */,
				1F1EF342846D379AE7BF2EC2 /* [CP] Embed Pods Frameworks */,
			);
			buildRules = (
			);
			dependencies = (
			);
			name = RMPucsb;
			productName = RMPucsb;
			productReference = 2400EB512745BFBB0082689E /* RMPucsb.app */;
			productType = "com.apple.product-type.application";
		};
/* End PBXNativeTarget section */

/* Begin PBXProject section */
		2400EB492745BFBB0082689E /* Project object */ = {
			isa = PBXProject;
			attributes = {
				BuildIndependentTargetsInParallel = 1;
				LastSwiftUpdateCheck = 1310;
				LastUpgradeCheck = 1310;
				TargetAttributes = {
					2400EB502745BFBB0082689E = {
						CreatedOnToolsVersion = 13.1;
					};
				};
			};
			buildConfigurationList = 2400EB4C2745BFBB0082689E /* Build configuration list for PBXProject "RMPucsb" */;
			compatibilityVersion = "Xcode 13.0";
			developmentRegion = en;
			hasScannedForEncodings = 0;
			knownRegions = (
				en,
				Base,
			);
			mainGroup = 2400EB482745BFBB0082689E;
			productRefGroup = 2400EB522745BFBB0082689E /* Products */;
			projectDirPath = "";
			projectRoot = "";
			targets = (
				2400EB502745BFBB0082689E /* RMPucsb */,
			);
		};
/* End PBXProject section */

/* Begin PBXResourcesBuildPhase section */
		2400EB4F2745BFBB0082689E /* Resources */ = {
			isa = PBXResourcesBuildPhase;
			buildActionMask = 2147483647;
			files = (
				2400EB612745BFBB0082689E /* LaunchScreen.storyboard in Resources */,
				2400EB5E2745BFBB0082689E /* Assets.xcassets in Resources */,
				2400EB5C2745BFBB0082689E /* Main.storyboard in Resources */,
			);
			runOnlyForDeploymentPostprocessing = 0;
		};
/* End PBXResourcesBuildPhase section */

/* Begin PBXShellScriptBuildPhase section */
		1F1EF342846D379AE7BF2EC2 /* [CP] Embed Pods Frameworks */ = {
			isa = PBXShellScriptBuildPhase;
			buildActionMask = 2147483647;
			files = (
			);
			inputFileListPaths = (
				"${PODS_ROOT}/Target Support Files/Pods-RMPucsb/Pods-RMPucsb-frameworks-${CONFIGURATION}-input-files.xcfilelist",
			);
			name = "[CP] Embed Pods Frameworks";
			outputFileListPaths = (
				"${PODS_ROOT}/Target Support Files/Pods-RMPucsb/Pods-RMPucsb-frameworks-${CONFIGURATION}-output-files.xcfilelist",
			);
			runOnlyForDeploymentPostprocessing = 0;
			shellPath = /bin/sh;
			shellScript = "\"${PODS_ROOT}/Target Support Files/Pods-RMPucsb/Pods-RMPucsb-frameworks.sh\"\n";
			showEnvVarsInLog = 0;
		};
		3100D72B3866CE25526F4A4E /* [CP] Check Pods Manifest.lock */ = {
			isa = PBXShellScriptBuildPhase;
			buildActionMask = 2147483647;
			files = (
			);
			inputFileListPaths = (
			);
			inputPaths = (
				"${PODS_PODFILE_DIR_PATH}/Podfile.lock",
				"${PODS_ROOT}/Manifest.lock",
			);
			name = "[CP] Check Pods Manifest.lock";
			outputFileListPaths = (
			);
			outputPaths = (
				"$(DERIVED_FILE_DIR)/Pods-RMPucsb-checkManifestLockResult.txt",
			);
			runOnlyForDeploymentPostprocessing = 0;
			shellPath = /bin/sh;
			shellScript = "diff \"${PODS_PODFILE_DIR_PATH}/Podfile.lock\" \"${PODS_ROOT}/Manifest.lock\" > /dev/null\nif [ $? != 0 ] ; then\n    # print error to STDERR\n    echo \"error: The sandbox is not in sync with the Podfile.lock. Run 'pod install' or update your CocoaPods installation.\" >&2\n    exit 1\nfi\n# This output is used by Xcode 'outputs' to avoid re-running this script phase.\necho \"SUCCESS\" > \"${SCRIPT_OUTPUT_FILE_0}\"\n";
			showEnvVarsInLog = 0;
		};
/* End PBXShellScriptBuildPhase section */

/* Begin PBXSourcesBuildPhase section */
		2400EB4D2745BFBB0082689E /* Sources */ = {
			isa = PBXSourcesBuildPhase;
			buildActionMask = 2147483647;
			files = (
				24D1BB492745C97E0095AD88 /* DepartmentListViewController.swift in Sources */,
				243F9B6B275201120093B086 /* RatingViewController.swift in Sources */,
				243F9B69275200EE0093B086 /* RatingCell.swift in Sources */,
				24D1BB452745C8F70095AD88 /* LoginViewController.swift in Sources */,
				24D1BB4B2745C9D90095AD88 /* ProfessorListViewController.swift in Sources */,
				24D1BB4F2745FB8F0095AD88 /* DepartmentCell.swift in Sources */,
				2400EB592745BFBB0082689E /* ViewController.swift in Sources */,
				2400EB552745BFBB0082689E /* AppDelegate.swift in Sources */,
				24D1BB4D2745F4D20095AD88 /* ProfessorViewController.swift in Sources */,
				24D1BB512745FBCD0095AD88 /* ProfessorCell.swift in Sources */,
				2400EB572745BFBB0082689E /* SceneDelegate.swift in Sources */,
			);
			runOnlyForDeploymentPostprocessing = 0;
		};
/* End PBXSourcesBuildPhase section */

/* Begin PBXVariantGroup section */
		2400EB5A2745BFBB0082689E /* Main.storyboard */ = {
			isa = PBXVariantGroup;
			children = (
				2400EB5B2745BFBB0082689E /* Base */,
			);
			name = Main.storyboard;
			sourceTree = "<group>";
		};
		2400EB5F2745BFBB0082689E /* LaunchScreen.storyboard */ = {
			isa = PBXVariantGroup;
			children = (
				2400EB602745BFBB0082689E /* Base */,
			);
			name = LaunchScreen.storyboard;
			sourceTree = "<group>";
		};
/* End PBXVariantGroup section */

/* Begin XCBuildConfiguration section */
		2400EB632745BFBB0082689E /* Debug */ = {
			isa = XCBuildConfiguration;
			buildSettings = {
				ALWAYS_SEARCH_USER_PATHS = NO;
				CLANG_ANALYZER_NONNULL = YES;
				CLANG_ANALYZER_NUMBER_OBJECT_CONVERSION = YES_AGGRESSIVE;
				CLANG_CXX_LANGUAGE_STANDARD = "gnu++17";
				CLANG_CXX_LIBRARY = "libc++";
				CLANG_ENABLE_MODULES = YES;
				CLANG_ENABLE_OBJC_ARC = YES;
				CLANG_ENABLE_OBJC_WEAK = YES;
				CLANG_WARN_BLOCK_CAPTURE_AUTORELEASING = YES;
				CLANG_WARN_BOOL_CONVERSION = YES;
				CLANG_WARN_COMMA = YES;
				CLANG_WARN_CONSTANT_CONVERSION = YES;
				CLANG_WARN_DEPRECATED_OBJC_IMPLEMENTATIONS = YES;
				CLANG_WARN_DIRECT_OBJC_ISA_USAGE = YES_ERROR;
				CLANG_WARN_DOCUMENTATION_COMMENTS = YES;
				CLANG_WARN_EMPTY_BODY = YES;
				CLANG_WARN_ENUM_CONVERSION = YES;
				CLANG_WARN_INFINITE_RECURSION = YES;
				CLANG_WARN_INT_CONVERSION = YES;
				CLANG_WARN_NON_LITERAL_NULL_CONVERSION = YES;
				CLANG_WARN_OBJC_IMPLICIT_RETAIN_SELF = YES;
				CLANG_WARN_OBJC_LITERAL_CONVERSION = YES;
				CLANG_WARN_OBJC_ROOT_CLASS = YES_ERROR;
				CLANG_WARN_QUOTED_INCLUDE_IN_FRAMEWORK_HEADER = YES;
				CLANG_WARN_RANGE_LOOP_ANALYSIS = YES;
				CLANG_WARN_STRICT_PROTOTYPES = YES;
				CLANG_WARN_SUSPICIOUS_MOVE = YES;
				CLANG_WARN_UNGUARDED_AVAILABILITY = YES_AGGRESSIVE;
				CLANG_WARN_UNREACHABLE_CODE = YES;
				CLANG_WARN__DUPLICATE_METHOD_MATCH = YES;
				COPY_PHASE_STRIP = NO;
				DEBUG_INFORMATION_FORMAT = dwarf;
				ENABLE_STRICT_OBJC_MSGSEND = YES;
				ENABLE_TESTABILITY = YES;
				GCC_C_LANGUAGE_STANDARD = gnu11;
				GCC_DYNAMIC_NO_PIC = NO;
				GCC_NO_COMMON_BLOCKS = YES;
				GCC_OPTIMIZATION_LEVEL = 0;
				GCC_PREPROCESSOR_DEFINITIONS = (
					"DEBUG=1",
					"$(inherited)",
				);
				GCC_WARN_64_TO_32_BIT_CONVERSION = YES;
				GCC_WARN_ABOUT_RETURN_TYPE = YES_ERROR;
				GCC_WARN_UNDECLARED_SELECTOR = YES;
				GCC_WARN_UNINITIALIZED_AUTOS = YES_AGGRESSIVE;
				GCC_WARN_UNUSED_FUNCTION = YES;
				GCC_WARN_UNUSED_VARIABLE = YES;
				IPHONEOS_DEPLOYMENT_TARGET = 15.0;
				MTL_ENABLE_DEBUG_INFO = INCLUDE_SOURCE;
				MTL_FAST_MATH = YES;
				ONLY_ACTIVE_ARCH = YES;
				SDKROOT = iphoneos;
				SWIFT_ACTIVE_COMPILATION_CONDITIONS = DEBUG;
				SWIFT_OPTIMIZATION_LEVEL = "-Onone";
			};
			name = Debug;
		};
		2400EB642745BFBB0082689E /* Release */ = {
			isa = XCBuildConfiguration;
			buildSettings = {
				ALWAYS_SEARCH_USER_PATHS = NO;
				CLANG_ANALYZER_NONNULL = YES;
				CLANG_ANALYZER_NUMBER_OBJECT_CONVERSION = YES_AGGRESSIVE;
				CLANG_CXX_LANGUAGE_STANDARD = "gnu++17";
				CLANG_CXX_LIBRARY = "libc++";
				CLANG_ENABLE_MODULES = YES;
				CLANG_ENABLE_OBJC_ARC = YES;
				CLANG_ENABLE_OBJC_WEAK = YES;
				CLANG_WARN_BLOCK_CAPTURE_AUTORELEASING = YES;
				CLANG_WARN_BOOL_CONVERSION = YES;
				CLANG_WARN_COMMA = YES;
				CLANG_WARN_CONSTANT_CONVERSION = YES;
				CLANG_WARN_DEPRECATED_OBJC_IMPLEMENTATIONS = YES;
				CLANG_WARN_DIRECT_OBJC_ISA_USAGE = YES_ERROR;
				CLANG_WARN_DOCUMENTATION_COMMENTS = YES;
				CLANG_WARN_EMPTY_BODY = YES;
				CLANG_WARN_ENUM_CONVERSION = YES;
				CLANG_WARN_INFINITE_RECURSION = YES;
				CLANG_WARN_INT_CONVERSION = YES;
				CLANG_WARN_NON_LITERAL_NULL_CONVERSION = YES;
				CLANG_WARN_OBJC_IMPLICIT_RETAIN_SELF = YES;
				CLANG_WARN_OBJC_LITERAL_CONVERSION = YES;
				CLANG_WARN_OBJC_ROOT_CLASS = YES_ERROR;
				CLANG_WARN_QUOTED_INCLUDE_IN_FRAMEWORK_HEADER = YES;
				CLANG_WARN_RANGE_LOOP_ANALYSIS = YES;
				CLANG_WARN_STRICT_PROTOTYPES = YES;
				CLANG_WARN_SUSPICIOUS_MOVE = YES;
				CLANG_WARN_UNGUARDED_AVAILABILITY = YES_AGGRESSIVE;
				CLANG_WARN_UNREACHABLE_CODE = YES;
				CLANG_WARN__DUPLICATE_METHOD_MATCH = YES;
				COPY_PHASE_STRIP = NO;
				DEBUG_INFORMATION_FORMAT = "dwarf-with-dsym";
				ENABLE_NS_ASSERTIONS = NO;
				ENABLE_STRICT_OBJC_MSGSEND = YES;
				GCC_C_LANGUAGE_STANDARD = gnu11;
				GCC_NO_COMMON_BLOCKS = YES;
				GCC_WARN_64_TO_32_BIT_CONVERSION = YES;
				GCC_WARN_ABOUT_RETURN_TYPE = YES_ERROR;
				GCC_WARN_UNDECLARED_SELECTOR = YES;
				GCC_WARN_UNINITIALIZED_AUTOS = YES_AGGRESSIVE;
				GCC_WARN_UNUSED_FUNCTION = YES;
				GCC_WARN_UNUSED_VARIABLE = YES;
				IPHONEOS_DEPLOYMENT_TARGET = 15.0;
				MTL_ENABLE_DEBUG_INFO = NO;
				MTL_FAST_MATH = YES;
				SDKROOT = iphoneos;
				SWIFT_COMPILATION_MODE = wholemodule;
				SWIFT_OPTIMIZATION_LEVEL = "-O";
				VALIDATE_PRODUCT = YES;
			};
			name = Release;
		};
		2400EB662745BFBB0082689E /* Debug */ = {
			isa = XCBuildConfiguration;
			baseConfigurationReference = 1E2BCB8587B899E09D91019B /* Pods-RMPucsb.debug.xcconfig */;
			buildSettings = {
				ASSETCATALOG_COMPILER_APPICON_NAME = AppIcon;
				ASSETCATALOG_COMPILER_GLOBAL_ACCENT_COLOR_NAME = AccentColor;
				CODE_SIGN_STYLE = Automatic;
				CURRENT_PROJECT_VERSION = 1;
				GENERATE_INFOPLIST_FILE = YES;
				INFOPLIST_FILE = RMPucsb/Info.plist;
				INFOPLIST_KEY_UIApplicationSupportsIndirectInputEvents = YES;
				INFOPLIST_KEY_UILaunchStoryboardName = LaunchScreen;
				INFOPLIST_KEY_UIMainStoryboardFile = Main;
				INFOPLIST_KEY_UISupportedInterfaceOrientations_iPad = "UIInterfaceOrientationPortrait UIInterfaceOrientationPortraitUpsideDown UIInterfaceOrientationLandscapeLeft UIInterfaceOrientationLandscapeRight";
				INFOPLIST_KEY_UISupportedInterfaceOrientations_iPhone = "UIInterfaceOrientationPortrait UIInterfaceOrientationLandscapeLeft UIInterfaceOrientationLandscapeRight";
				LD_RUNPATH_SEARCH_PATHS = (
					"$(inherited)",
					"@executable_path/Frameworks",
				);
				MARKETING_VERSION = 1.0;
				PRODUCT_BUNDLE_IDENTIFIER = com.example.RMPucsb;
				PRODUCT_NAME = "$(TARGET_NAME)";
				SWIFT_EMIT_LOC_STRINGS = YES;
				SWIFT_VERSION = 5.0;
				TARGETED_DEVICE_FAMILY = "1,2";
			};
			name = Debug;
		};
		2400EB672745BFBB0082689E /* Release */ = {
			isa = XCBuildConfiguration;
			baseConfigurationReference = 0EE408D1139811605B02289C /* Pods-RMPucsb.release.xcconfig */;
			buildSettings = {
				ASSETCATALOG_COMPILER_APPICON_NAME = AppIcon;
				ASSETCATALOG_COMPILER_GLOBAL_ACCENT_COLOR_NAME = AccentColor;
				CODE_SIGN_STYLE = Automatic;
				CURRENT_PROJECT_VERSION = 1;
				GENERATE_INFOPLIST_FILE = YES;
				INFOPLIST_FILE = RMPucsb/Info.plist;
				INFOPLIST_KEY_UIApplicationSupportsIndirectInputEvents = YES;
				INFOPLIST_KEY_UILaunchStoryboardName = LaunchScreen;
				INFOPLIST_KEY_UIMainStoryboardFile = Main;
				INFOPLIST_KEY_UISupportedInterfaceOrientations_iPad = "UIInterfaceOrientationPortrait UIInterfaceOrientationPortraitUpsideDown UIInterfaceOrientationLandscapeLeft UIInterfaceOrientationLandscapeRight";
				INFOPLIST_KEY_UISupportedInterfaceOrientations_iPhone = "UIInterfaceOrientationPortrait UIInterfaceOrientationLandscapeLeft UIInterfaceOrientationLandscapeRight";
				LD_RUNPATH_SEARCH_PATHS = (
					"$(inherited)",
					"@executable_path/Frameworks",
				);
				MARKETING_VERSION = 1.0;
				PRODUCT_BUNDLE_IDENTIFIER = com.example.RMPucsb;
				PRODUCT_NAME = "$(TARGET_NAME)";
				SWIFT_EMIT_LOC_STRINGS = YES;
				SWIFT_VERSION = 5.0;
				TARGETED_DEVICE_FAMILY = "1,2";
			};
			name = Release;
		};
/* End XCBuildConfiguration section */

/* Begin XCConfigurationList section */
		2400EB4C2745BFBB0082689E /* Build configuration list for PBXProject "RMPucsb" */ = {
			isa = XCConfigurationList;
			buildConfigurations = (
				2400EB632745BFBB0082689E /* Debug */,
				2400EB642745BFBB0082689E /* Release */,
			);
			defaultConfigurationIsVisible = 0;
			defaultConfigurationName = Release;
		};
		2400EB652745BFBB0082689E /* Build configuration list for PBXNativeTarget "RMPucsb" */ = {
			isa = XCConfigurationList;
			buildConfigurations = (
				2400EB662745BFBB0082689E /* Debug */,
				2400EB672745BFBB0082689E /* Release */,
			);
			defaultConfigurationIsVisible = 0;
			defaultConfigurationName = Release;
		};
/* End XCConfigurationList section */
	};
	rootObject = 2400EB492745BFBB0082689E /* Project object */;
}
